// !$*UTF8*$!
{
	archiveVersion = 1;
	classes = {
	};
	objectVersion = 55;
	objects = {

/* Begin PBXBuildFile section */
		824581D4281A48580005C459 /* GStreamer.framework in Frameworks */ = {isa = PBXBuildFile; fileRef = 824581D3281A48580005C459 /* GStreamer.framework */; };
		824581D7281A48580005C459 /* AppDelegate.swift in Sources */ = {isa = PBXBuildFile; fileRef = 824581D6281A48580005C459 /* AppDelegate.swift */; };
		824581D9281A48580005C459 /* SceneDelegate.swift in Sources */ = {isa = PBXBuildFile; fileRef = 824581D8281A48580005C459 /* SceneDelegate.swift */; };
		824581DB281A48580005C459 /* ViewController.swift in Sources */ = {isa = PBXBuildFile; fileRef = 824581DA281A48580005C459 /* ViewController.swift */; };
		824581DE281A48580005C459 /* fonts.conf in Resources */ = {isa = PBXBuildFile; fileRef = 824581DD281A48580005C459 /* fonts.conf */; };
		824581E0281A48580005C459 /* Ubuntu-R.ttf in Resources */ = {isa = PBXBuildFile; fileRef = 824581DF281A48580005C459 /* Ubuntu-R.ttf */; };
		824581E2281A48580005C459 /* gst_ios_init.m in Sources */ = {isa = PBXBuildFile; fileRef = 824581E1281A48580005C459 /* gst_ios_init.m */; };
		824581E5281A48580005C459 /* main.m in Sources */ = {isa = PBXBuildFile; fileRef = 824581E4281A48580005C459 /* main.m */; };
		824581E8281A48580005C459 /* Main.storyboard in Resources */ = {isa = PBXBuildFile; fileRef = 824581E6281A48580005C459 /* Main.storyboard */; };
		824581EA281A485A0005C459 /* Assets.xcassets in Resources */ = {isa = PBXBuildFile; fileRef = 824581E9281A485A0005C459 /* Assets.xcassets */; };
		824581ED281A485A0005C459 /* LaunchScreen.storyboard in Resources */ = {isa = PBXBuildFile; fileRef = 824581EB281A485A0005C459 /* LaunchScreen.storyboard */; };
/* End PBXBuildFile section */

/* Begin PBXFileReference section */
		824581D0281A48580005C459 /* G2.app */ = {isa = PBXFileReference; explicitFileType = wrapper.application; includeInIndex = 0; path = G2.app; sourceTree = BUILT_PRODUCTS_DIR; };
		824581D3281A48580005C459 /* GStreamer.framework */ = {isa = PBXFileReference; lastKnownFileType = wrapper.framework; name = GStreamer.framework; path = Library/Frameworks/GStreamer.framework; sourceTree = DEVELOPER_DIR; };
		824581D6281A48580005C459 /* AppDelegate.swift */ = {isa = PBXFileReference; lastKnownFileType = sourcecode.swift; path = AppDelegate.swift; sourceTree = "<group>"; };
		824581D8281A48580005C459 /* SceneDelegate.swift */ = {isa = PBXFileReference; lastKnownFileType = sourcecode.swift; path = SceneDelegate.swift; sourceTree = "<group>"; };
		824581DA281A48580005C459 /* ViewController.swift */ = {isa = PBXFileReference; lastKnownFileType = sourcecode.swift; path = ViewController.swift; sourceTree = "<group>"; };
		824581DD281A48580005C459 /* fonts.conf */ = {isa = PBXFileReference; lastKnownFileType = text.xml; name = fonts.conf; path = ../fonts.conf; sourceTree = "<group>"; };
		824581DF281A48580005C459 /* Ubuntu-R.ttf */ = {isa = PBXFileReference; lastKnownFileType = file; name = "Ubuntu-R.ttf"; path = "../Ubuntu-R.ttf"; sourceTree = "<group>"; };
		824581E1281A48580005C459 /* gst_ios_init.m */ = {isa = PBXFileReference; lastKnownFileType = sourcecode.c.objc; name = gst_ios_init.m; path = ../gst_ios_init.m; sourceTree = "<group>"; };
		824581E3281A48580005C459 /* gst_ios_init.h */ = {isa = PBXFileReference; lastKnownFileType = sourcecode.c.h; name = gst_ios_init.h; path = ../gst_ios_init.h; sourceTree = "<group>"; };
		824581E4281A48580005C459 /* main.m */ = {isa = PBXFileReference; lastKnownFileType = sourcecode.c.objc; name = main.m; path = ../main.m; sourceTree = "<group>"; };
		824581E7281A48580005C459 /* Base */ = {isa = PBXFileReference; lastKnownFileType = file.storyboard; name = Base; path = Base.lproj/Main.storyboard; sourceTree = "<group>"; };
		824581E9281A485A0005C459 /* Assets.xcassets */ = {isa = PBXFileReference; lastKnownFileType = folder.assetcatalog; path = Assets.xcassets; sourceTree = "<group>"; };
		824581EC281A485A0005C459 /* Base */ = {isa = PBXFileReference; lastKnownFileType = file.storyboard; name = Base; path = Base.lproj/LaunchScreen.storyboard; sourceTree = "<group>"; };
		824581EE281A485A0005C459 /* Info.plist */ = {isa = PBXFileReference; lastKnownFileType = text.plist.xml; path = Info.plist; sourceTree = "<group>"; };
/* End PBXFileReference section */

/* Begin PBXFrameworksBuildPhase section */
		824581CD281A48580005C459 /* Frameworks */ = {
			isa = PBXFrameworksBuildPhase;
			buildActionMask = 2147483647;
			files = (
				824581D4281A48580005C459 /* GStreamer.framework in Frameworks */,
			);
			runOnlyForDeploymentPostprocessing = 0;
		};
/* End PBXFrameworksBuildPhase section */

/* Begin PBXGroup section */
		824581C7281A48580005C459 = {
			isa = PBXGroup;
			children = (
				824581D5281A48580005C459 /* G2 */,
				824581D2281A48580005C459 /* Frameworks */,
				824581D1281A48580005C459 /* Products */,
			);
			sourceTree = "<group>";
		};
		824581D1281A48580005C459 /* Products */ = {
			isa = PBXGroup;
			children = (
				824581D0281A48580005C459 /* G2.app */,
			);
			name = Products;
			sourceTree = "<group>";
		};
		824581D2281A48580005C459 /* Frameworks */ = {
			isa = PBXGroup;
			children = (
				824581D3281A48580005C459 /* GStreamer.framework */,
			);
			name = Frameworks;
			sourceTree = "<group>";
		};
		824581D5281A48580005C459 /* G2 */ = {
			isa = PBXGroup;
			children = (
				824581D6281A48580005C459 /* AppDelegate.swift */,
				824581D8281A48580005C459 /* SceneDelegate.swift */,
				824581DA281A48580005C459 /* ViewController.swift */,
				824581E6281A48580005C459 /* Main.storyboard */,
				824581E9281A485A0005C459 /* Assets.xcassets */,
				824581EB281A485A0005C459 /* LaunchScreen.storyboard */,
				824581EE281A485A0005C459 /* Info.plist */,
				824581DC281A48580005C459 /* Supporting Files */,
			);
			path = G2;
			sourceTree = "<group>";
		};
		824581DC281A48580005C459 /* Supporting Files */ = {
			isa = PBXGroup;
			children = (
				824581DD281A48580005C459 /* fonts.conf */,
				824581DF281A48580005C459 /* Ubuntu-R.ttf */,
				824581E1281A48580005C459 /* gst_ios_init.m */,
				824581E3281A48580005C459 /* gst_ios_init.h */,
				824581E4281A48580005C459 /* main.m */,
			);
			path = "Supporting Files";
			sourceTree = "<group>";
		};
/* End PBXGroup section */

/* Begin PBXNativeTarget section */
		824581CF281A48580005C459 /* G2 */ = {
			isa = PBXNativeTarget;
			buildConfigurationList = 824581F1281A485A0005C459 /* Build configuration list for PBXNativeTarget "G2" */;
			buildPhases = (
				824581CC281A48580005C459 /* Sources */,
				824581CD281A48580005C459 /* Frameworks */,
				824581CE281A48580005C459 /* Resources */,
			);
			buildRules = (
			);
			dependencies = (
			);
			name = G2;
			productName = G2;
			productReference = 824581D0281A48580005C459 /* G2.app */;
			productType = "com.apple.product-type.application";
		};
/* End PBXNativeTarget section */

/* Begin PBXProject section */
		824581C8281A48580005C459 /* Project object */ = {
			isa = PBXProject;
			attributes = {
				BuildIndependentTargetsInParallel = 1;
				LastSwiftUpdateCheck = 1320;
				LastUpgradeCheck = 1320;
				TargetAttributes = {
					824581CF281A48580005C459 = {
						CreatedOnToolsVersion = 13.2.1;
					};
				};
			};
			buildConfigurationList = 824581CB281A48580005C459 /* Build configuration list for PBXProject "G2" */;
			compatibilityVersion = "Xcode 13.0";
			developmentRegion = en;
			hasScannedForEncodings = 0;
			knownRegions = (
				en,
				Base,
			);
			mainGroup = 824581C7281A48580005C459;
			productRefGroup = 824581D1281A48580005C459 /* Products */;
			projectDirPath = "";
			projectRoot = "";
			targets = (
				824581CF281A48580005C459 /* G2 */,
			);
		};
/* End PBXProject section */

/* Begin PBXResourcesBuildPhase section */
		824581CE281A48580005C459 /* Resources */ = {
			isa = PBXResourcesBuildPhase;
			buildActionMask = 2147483647;
			files = (
				824581E8281A48580005C459 /* Main.storyboard in Resources */,
				824581E0281A48580005C459 /* Ubuntu-R.ttf in Resources */,
				824581EA281A485A0005C459 /* Assets.xcassets in Resources */,
				824581ED281A485A0005C459 /* LaunchScreen.storyboard in Resources */,
				824581DE281A48580005C459 /* fonts.conf in Resources */,
			);
			runOnlyForDeploymentPostprocessing = 0;
		};
/* End PBXResourcesBuildPhase section */

/* Begin PBXSourcesBuildPhase section */
		824581CC281A48580005C459 /* Sources */ = {
			isa = PBXSourcesBuildPhase;
			buildActionMask = 2147483647;
			files = (
				824581E5281A48580005C459 /* main.m in Sources */,
				824581E2281A48580005C459 /* gst_ios_init.m in Sources */,
				824581DB281A48580005C459 /* ViewController.swift in Sources */,
				824581D7281A48580005C459 /* AppDelegate.swift in Sources */,
				824581D9281A48580005C459 /* SceneDelegate.swift in Sources */,
			);
			runOnlyForDeploymentPostprocessing = 0;
		};
/* End PBXSourcesBuildPhase section */

/* Begin PBXVariantGroup section */
		824581E6281A48580005C459 /* Main.storyboard */ = {
			isa = PBXVariantGroup;
			children = (
				824581E7281A48580005C459 /* Base */,
			);
			name = Main.storyboard;
			sourceTree = "<group>";
		};
		824581EB281A485A0005C459 /* LaunchScreen.storyboard */ = {
			isa = PBXVariantGroup;
			children = (
				824581EC281A485A0005C459 /* Base */,
			);
			name = LaunchScreen.storyboard;
			sourceTree = "<group>";
		};
/* End PBXVariantGroup section */

/* Begin XCBuildConfiguration section */
		824581EF281A485A0005C459 /* Debug */ = {
			isa = XCBuildConfiguration;
			buildSettings = {
				ALWAYS_SEARCH_USER_PATHS = NO;
				CLANG_ANALYZER_NONNULL = YES;
				CLANG_ANALYZER_NUMBER_OBJECT_CONVERSION = YES_AGGRESSIVE;
				CLANG_CXX_LANGUAGE_STANDARD = "gnu++17";
				CLANG_CXX_LIBRARY = "libc++";
				CLANG_ENABLE_MODULES = YES;
				CLANG_ENABLE_OBJC_ARC = YES;
				CLANG_ENABLE_OBJC_WEAK = YES;
				CLANG_WARN_BLOCK_CAPTURE_AUTORELEASING = YES;
				CLANG_WARN_BOOL_CONVERSION = YES;
				CLANG_WARN_COMMA = YES;
				CLANG_WARN_CONSTANT_CONVERSION = YES;
				CLANG_WARN_DEPRECATED_OBJC_IMPLEMENTATIONS = YES;
				CLANG_WARN_DIRECT_OBJC_ISA_USAGE = YES_ERROR;
				CLANG_WARN_DOCUMENTATION_COMMENTS = YES;
				CLANG_WARN_EMPTY_BODY = YES;
				CLANG_WARN_ENUM_CONVERSION = YES;
				CLANG_WARN_INFINITE_RECURSION = YES;
				CLANG_WARN_INT_CONVERSION = YES;
				CLANG_WARN_NON_LITERAL_NULL_CONVERSION = YES;
				CLANG_WARN_OBJC_IMPLICIT_RETAIN_SELF = YES;
				CLANG_WARN_OBJC_LITERAL_CONVERSION = YES;
				CLANG_WARN_OBJC_ROOT_CLASS = YES_ERROR;
				CLANG_WARN_QUOTED_INCLUDE_IN_FRAMEWORK_HEADER = YES;
				CLANG_WARN_RANGE_LOOP_ANALYSIS = YES;
				CLANG_WARN_STRICT_PROTOTYPES = YES;
				CLANG_WARN_SUSPICIOUS_MOVE = YES;
				CLANG_WARN_UNGUARDED_AVAILABILITY = YES_AGGRESSIVE;
				CLANG_WARN_UNREACHABLE_CODE = YES;
				CLANG_WARN__DUPLICATE_METHOD_MATCH = YES;
				COPY_PHASE_STRIP = NO;
				DEBUG_INFORMATION_FORMAT = dwarf;
				ENABLE_STRICT_OBJC_MSGSEND = YES;
				ENABLE_TESTABILITY = YES;
				GCC_C_LANGUAGE_STANDARD = gnu11;
				GCC_DYNAMIC_NO_PIC = NO;
				GCC_NO_COMMON_BLOCKS = YES;
				GCC_OPTIMIZATION_LEVEL = 0;
				GCC_PREPROCESSOR_DEFINITIONS = (
					"DEBUG=1",
					"$(inherited)",
				);
				GCC_WARN_64_TO_32_BIT_CONVERSION = YES;
				GCC_WARN_ABOUT_RETURN_TYPE = YES_ERROR;
				GCC_WARN_UNDECLARED_SELECTOR = YES;
				GCC_WARN_UNINITIALIZED_AUTOS = YES_AGGRESSIVE;
				GCC_WARN_UNUSED_FUNCTION = YES;
				GCC_WARN_UNUSED_VARIABLE = YES;
				IPHONEOS_DEPLOYMENT_TARGET = 15.2;
				MTL_ENABLE_DEBUG_INFO = INCLUDE_SOURCE;
				MTL_FAST_MATH = YES;
				ONLY_ACTIVE_ARCH = YES;
				SDKROOT = iphoneos;
				SWIFT_ACTIVE_COMPILATION_CONDITIONS = DEBUG;
				SWIFT_OPTIMIZATION_LEVEL = "-Onone";
			};
			name = Debug;
		};
		824581F0281A485A0005C459 /* Release */ = {
			isa = XCBuildConfiguration;
			buildSettings = {
				ALWAYS_SEARCH_USER_PATHS = NO;
				CLANG_ANALYZER_NONNULL = YES;
				CLANG_ANALYZER_NUMBER_OBJECT_CONVERSION = YES_AGGRESSIVE;
				CLANG_CXX_LANGUAGE_STANDARD = "gnu++17";
				CLANG_CXX_LIBRARY = "libc++";
				CLANG_ENABLE_MODULES = YES;
				CLANG_ENABLE_OBJC_ARC = YES;
				CLANG_ENABLE_OBJC_WEAK = YES;
				CLANG_WARN_BLOCK_CAPTURE_AUTORELEASING = YES;
				CLANG_WARN_BOOL_CONVERSION = YES;
				CLANG_WARN_COMMA = YES;
				CLANG_WARN_CONSTANT_CONVERSION = YES;
				CLANG_WARN_DEPRECATED_OBJC_IMPLEMENTATIONS = YES;
				CLANG_WARN_DIRECT_OBJC_ISA_USAGE = YES_ERROR;
				CLANG_WARN_DOCUMENTATION_COMMENTS = YES;
				CLANG_WARN_EMPTY_BODY = YES;
				CLANG_WARN_ENUM_CONVERSION = YES;
				CLANG_WARN_INFINITE_RECURSION = YES;
				CLANG_WARN_INT_CONVERSION = YES;
				CLANG_WARN_NON_LITERAL_NULL_CONVERSION = YES;
				CLANG_WARN_OBJC_IMPLICIT_RETAIN_SELF = YES;
				CLANG_WARN_OBJC_LITERAL_CONVERSION = YES;
				CLANG_WARN_OBJC_ROOT_CLASS = YES_ERROR;
				CLANG_WARN_QUOTED_INCLUDE_IN_FRAMEWORK_HEADER = YES;
				CLANG_WARN_RANGE_LOOP_ANALYSIS = YES;
				CLANG_WARN_STRICT_PROTOTYPES = YES;
				CLANG_WARN_SUSPICIOUS_MOVE = YES;
				CLANG_WARN_UNGUARDED_AVAILABILITY = YES_AGGRESSIVE;
				CLANG_WARN_UNREACHABLE_CODE = YES;
				CLANG_WARN__DUPLICATE_METHOD_MATCH = YES;
				COPY_PHASE_STRIP = NO;
				DEBUG_INFORMATION_FORMAT = "dwarf-with-dsym";
				ENABLE_NS_ASSERTIONS = NO;
				ENABLE_STRICT_OBJC_MSGSEND = YES;
				GCC_C_LANGUAGE_STANDARD = gnu11;
				GCC_NO_COMMON_BLOCKS = YES;
				GCC_WARN_64_TO_32_BIT_CONVERSION = YES;
				GCC_WARN_ABOUT_RETURN_TYPE = YES_ERROR;
				GCC_WARN_UNDECLARED_SELECTOR = YES;
				GCC_WARN_UNINITIALIZED_AUTOS = YES_AGGRESSIVE;
				GCC_WARN_UNUSED_FUNCTION = YES;
				GCC_WARN_UNUSED_VARIABLE = YES;
				IPHONEOS_DEPLOYMENT_TARGET = 15.2;
				MTL_ENABLE_DEBUG_INFO = NO;
				MTL_FAST_MATH = YES;
				SDKROOT = iphoneos;
				SWIFT_COMPILATION_MODE = wholemodule;
				SWIFT_OPTIMIZATION_LEVEL = "-O";
				VALIDATE_PRODUCT = YES;
			};
			name = Release;
		};
		824581F2281A485A0005C459 /* Debug */ = {
			isa = XCBuildConfiguration;
			buildSettings = {
				ARCHS = armv7;
				ASSETCATALOG_COMPILER_APPICON_NAME = AppIcon;
				ASSETCATALOG_COMPILER_GLOBAL_ACCENT_COLOR_NAME = AccentColor;
				CODE_SIGN_STYLE = Automatic;
				CURRENT_PROJECT_VERSION = 1;
				DEVELOPMENT_TEAM = G6G7GN58R8;
				FRAMEWORK_SEARCH_PATHS = "\"~/Library/Developer/GStreamer/iPhone.sdk\"";
				GENERATE_INFOPLIST_FILE = YES;
				HEADER_SEARCH_PATHS = "\"~/Library/Developer/GStreamer/iPhone.sdk/GStreamer.framework/Headers\"";
				INFOPLIST_FILE = G2/Info.plist;
				INFOPLIST_KEY_UIApplicationSupportsIndirectInputEvents = YES;
				INFOPLIST_KEY_UILaunchStoryboardName = LaunchScreen;
				INFOPLIST_KEY_UIMainStoryboardFile = Main;
				INFOPLIST_KEY_UISupportedInterfaceOrientations_iPad = "UIInterfaceOrientationPortrait UIInterfaceOrientationPortraitUpsideDown UIInterfaceOrientationLandscapeLeft UIInterfaceOrientationLandscapeRight";
				INFOPLIST_KEY_UISupportedInterfaceOrientations_iPhone = "UIInterfaceOrientationPortrait UIInterfaceOrientationLandscapeLeft UIInterfaceOrientationLandscapeRight";
				LD_RUNPATH_SEARCH_PATHS = (
					"$(inherited)",
					"@executable_path/Frameworks",
				);
				MARKETING_VERSION = 1.0;
				OTHER_LDFLAGS = (
					"-lresolv",
					"-lstdc++",
					"-framework",
					CoreFoundation,
					"-framework",
					Foundation,
					"-framework",
					AVFoundation,
					"-framework",
					CoreMedia,
					"-framework",
					CoreVideo,
					"-framework",
					CoreAudio,
					"-framework",
					AudioToolbox,
					"-weak_framework",
					VideoToolbox,
					"-framework",
					OpenGLES,
					"-framework",
					AssetsLibrary,
					"-framework",
					QuartzCore,
					"-framework",
					AssetsLibrary,
				);
				PRODUCT_BUNDLE_IDENTIFIER = com.peemoti.G2;
				PRODUCT_NAME = "$(TARGET_NAME)";
				SWIFT_EMIT_LOC_STRINGS = YES;
				SWIFT_VERSION = 5.0;
				TARGETED_DEVICE_FAMILY = "1,2";
			};
			name = Debug;
		};
		824581F3281A485A0005C459 /* Release */ = {
			isa = XCBuildConfiguration;
			buildSettings = {
				ARCHS = armv7;
				ASSETCATALOG_COMPILER_APPICON_NAME = AppIcon;
				ASSETCATALOG_COMPILER_GLOBAL_ACCENT_COLOR_NAME = AccentColor;
				CODE_SIGN_STYLE = Automatic;
				CURRENT_PROJECT_VERSION = 1;
				DEVELOPMENT_TEAM = G6G7GN58R8;
				FRAMEWORK_SEARCH_PATHS = "\"~/Library/Developer/GStreamer/iPhone.sdk\"";
				GENERATE_INFOPLIST_FILE = YES;
				HEADER_SEARCH_PATHS = "\"~/Library/Developer/GStreamer/iPhone.sdk/GStreamer.framework/Headers\"";
				INFOPLIST_FILE = G2/Info.plist;
				INFOPLIST_KEY_UIApplicationSupportsIndirectInputEvents = YES;
				INFOPLIST_KEY_UILaunchStoryboardName = LaunchScreen;
				INFOPLIST_KEY_UIMainStoryboardFile = Main;
				INFOPLIST_KEY_UISupportedInterfaceOrientations_iPad = "UIInterfaceOrientationPortrait UIInterfaceOrientationPortraitUpsideDown UIInterfaceOrientationLandscapeLeft UIInterfaceOrientationLandscapeRight";
				INFOPLIST_KEY_UISupportedInterfaceOrientations_iPhone = "UIInterfaceOrientationPortrait UIInterfaceOrientationLandscapeLeft UIInterfaceOrientationLandscapeRight";
				LD_RUNPATH_SEARCH_PATHS = (
					"$(inherited)",
					"@executable_path/Frameworks",
				);
				MARKETING_VERSION = 1.0;
				OTHER_LDFLAGS = (
					"-lresolv",
					"-lstdc++",
					"-framework",
					CoreFoundation,
					"-framework",
					Foundation,
					"-framework",
					AVFoundation,
					"-framework",
					CoreMedia,
					"-framework",
					CoreVideo,
					"-framework",
					CoreAudio,
					"-framework",
					AudioToolbox,
					"-weak_framework",
					VideoToolbox,
					"-framework",
					OpenGLES,
					"-framework",
					AssetsLibrary,
					"-framework",
					QuartzCore,
					"-framework",
					AssetsLibrary,
				);
				PRODUCT_BUNDLE_IDENTIFIER = com.peemoti.G2;
				PRODUCT_NAME = "$(TARGET_NAME)";
				SWIFT_EMIT_LOC_STRINGS = YES;
				SWIFT_VERSION = 5.0;
				TARGETED_DEVICE_FAMILY = "1,2";
			};
			name = Release;
		};
/* End XCBuildConfiguration section */

/* Begin XCConfigurationList section */
		824581CB281A48580005C459 /* Build configuration list for PBXProject "G2" */ = {
			isa = XCConfigurationList;
			buildConfigurations = (
				824581EF281A485A0005C459 /* Debug */,
				824581F0281A485A0005C459 /* Release */,
			);
			defaultConfigurationIsVisible = 0;
			defaultConfigurationName = Release;
		};
		824581F1281A485A0005C459 /* Build configuration list for PBXNativeTarget "G2" */ = {
			isa = XCConfigurationList;
			buildConfigurations = (
				824581F2281A485A0005C459 /* Debug */,
				824581F3281A485A0005C459 /* Release */,
			);
			defaultConfigurationIsVisible = 0;
			defaultConfigurationName = Release;
		};
/* End XCConfigurationList section */
	};
	rootObject = 824581C8281A48580005C459 /* Project object */;
}
